
Microsoft Visual Studio Solution File, Format Version 12.00
# Visual Studio 15
VisualStudioVersion = 15.0.26430.16
MinimumVisualStudioVersion = 10.0.40219.1
Project("{D954291E-2A0B-460D-934E-DC6B0785DB48}") = "GUIx", "GUIx\GUIx.shproj", "{ED0A201F-AB06-4632-AF37-5EE0680B23FE}"
EndProject
Global
	GlobalSection(SharedMSBuildProjectFiles) = preSolution
		GUIx\GUIx.projitems*{ed0a201f-ab06-4632-af37-5ee0680b23fe}*SharedItemsImports = 13
	EndGlobalSection
	GlobalSection(SolutionProperties) = preSolution
		HideSolutionNode = FALSE
	EndGlobalSection
EndGlobal
